
Microsoft Visual Studio Solution File, Format Version 12.00
# Visual Studio Version 16
VisualStudioVersion = 16.0.31129.286
MinimumVisualStudioVersion = 10.0.40219.1
Project("{FAE04EC0-301F-11D3-BF4B-00C04F79EFBC}") = "Project", "Project\Project.csproj", "{35335E9D-6001-447D-9668-72C212C9638E}"
EndProject
Global
	GlobalSection(SolutionConfigurationPlatforms) = preSolution
		Debug|Any CPU = Debug|Any CPU
		Release|Any CPU = Release|Any CPU
	EndGlobalSection
	GlobalSection(ProjectConfigurationPlatforms) = postSolution
		{35335E9D-6001-447D-9668-72C212C9638E}.Debug|Any CPU.ActiveCfg = Debug|Any CPU
		{35335E9D-6001-447D-9668-72C212C9638E}.Debug|Any CPU.Build.0 = Debug|Any CPU
		{35335E9D-6001-447D-9668-72C212C9638E}.Release|Any CPU.ActiveCfg = Release|Any CPU
		{35335E9D-6001-447D-9668-72C212C9638E}.Release|Any CPU.Build.0 = Release|Any CPU
	EndGlobalSection
	GlobalSection(SolutionProperties) = preSolution
		HideSolutionNode = FALSE
	EndGlobalSection
	GlobalSection(ExtensibilityGlobals) = postSolution
		SolutionGuid = {C0A2736C-20EE-4688-AC9A-E4CC6F6CB3A1}
	EndGlobalSection
EndGlobal
